Microsoft Visual Studio Solution File, Format Version 11.00
# Visual Studio 2008

Project("{449A524B-41EB-FFF3-3541-BBA956F77F05}") = "PositionningVR", "Assembly-CSharp-firstpass.csproj", "{8B8AEEA2-793E-41BC-A5F9-11617AFFF69A}"
EndProject
Project("{449A524B-41EB-FFF3-3541-BBA956F77F05}") = "PositionningVR", "Assembly-CSharp.csproj", "{5760B263-A20B-E8DC-A0DF-776E541D2FC5}"
EndProject
Project("{449A524B-41EB-FFF3-3541-BBA956F77F05}") = "PositionningVR", "Assembly-CSharp-Editor.csproj", "{27B29AC6-F7AD-1629-A958-A4112741790F}"
EndProject
Global
	GlobalSection(SolutionConfigurationPlatforms) = preSolution
		Debug|Any CPU = Debug|Any CPU
		Release|Any CPU = Release|Any CPU
	EndGlobalSection
	GlobalSection(ProjectConfigurationPlatforms) = postSolution
		{8B8AEEA2-793E-41BC-A5F9-11617AFFF69A}.Debug|Any CPU.ActiveCfg = Debug|Any CPU
		{8B8AEEA2-793E-41BC-A5F9-11617AFFF69A}.Debug|Any CPU.Build.0 = Debug|Any CPU
		{8B8AEEA2-793E-41BC-A5F9-11617AFFF69A}.Release|Any CPU.ActiveCfg = Release|Any CPU
		{8B8AEEA2-793E-41BC-A5F9-11617AFFF69A}.Release|Any CPU.Build.0 = Release|Any CPU
		{5760B263-A20B-E8DC-A0DF-776E541D2FC5}.Debug|Any CPU.ActiveCfg = Debug|Any CPU
		{5760B263-A20B-E8DC-A0DF-776E541D2FC5}.Debug|Any CPU.Build.0 = Debug|Any CPU
		{5760B263-A20B-E8DC-A0DF-776E541D2FC5}.Release|Any CPU.ActiveCfg = Release|Any CPU
		{5760B263-A20B-E8DC-A0DF-776E541D2FC5}.Release|Any CPU.Build.0 = Release|Any CPU
		{27B29AC6-F7AD-1629-A958-A4112741790F}.Debug|Any CPU.ActiveCfg = Debug|Any CPU
		{27B29AC6-F7AD-1629-A958-A4112741790F}.Debug|Any CPU.Build.0 = Debug|Any CPU
		{27B29AC6-F7AD-1629-A958-A4112741790F}.Release|Any CPU.ActiveCfg = Release|Any CPU
		{27B29AC6-F7AD-1629-A958-A4112741790F}.Release|Any CPU.Build.0 = Release|Any CPU
	EndGlobalSection
	GlobalSection(SolutionProperties) = preSolution
		HideSolutionNode = FALSE
	EndGlobalSection
														GlobalSection(MonoDevelopProperties) = preSolution
		StartupItem = Assembly-CSharp.csproj
		Policies = $0
		$0.TextStylePolicy = $1
		$1.inheritsSet = null
		$1.scope = text/x-csharp
		$0.CSharpFormattingPolicy = $2
		$2.inheritsSet = Mono
		$2.inheritsScope = text/x-csharp
		$2.scope = text/x-csharp
		$0.TextStylePolicy = $3
		$3.FileWidth = 120
		$3.TabWidth = 4
		$3.IndentWidth = 4
		$3.EolMarker = Unix
		$3.inheritsSet = Mono
		$3.inheritsScope = text/plain
		$3.scope = text/plain
	EndGlobalSection

EndGlobal
